// !$*UTF8*$!
{
	archiveVersion = 1;
	classes = {
	};
	objectVersion = 50;
	objects = {

/* Begin PBXBuildFile section */
		2654D4A12372976800D48414 /* AppDelegate.swift in Sources */ = {isa = PBXBuildFile; fileRef = 2654D4A02372976800D48414 /* AppDelegate.swift */; };
		2654D4A32372976800D48414 /* ContentView.swift in Sources */ = {isa = PBXBuildFile; fileRef = 2654D4A22372976800D48414 /* ContentView.swift */; };
		2654D4A52372976900D48414 /* Assets.xcassets in Resources */ = {isa = PBXBuildFile; fileRef = 2654D4A42372976900D48414 /* Assets.xcassets */; };
		2654D4A82372976900D48414 /* Preview Assets.xcassets in Resources */ = {isa = PBXBuildFile; fileRef = 2654D4A72372976900D48414 /* Preview Assets.xcassets */; };
		2654D4AB2372976900D48414 /* Main.storyboard in Resources */ = {isa = PBXBuildFile; fileRef = 2654D4A92372976900D48414 /* Main.storyboard */; };
		2654D4B42372A01B00D48414 /* httpcodes.json in Resources */ = {isa = PBXBuildFile; fileRef = 2654D4B32372A01B00D48414 /* httpcodes.json */; };
		2654D4B62372A5AB00D48414 /* Helper.swift in Sources */ = {isa = PBXBuildFile; fileRef = 2654D4B52372A5AB00D48414 /* Helper.swift */; };
		2654D4B82372A65B00D48414 /* HttpStatus.swift in Sources */ = {isa = PBXBuildFile; fileRef = 2654D4B72372A65B00D48414 /* HttpStatus.swift */; };
		2654D4BA2372AC1A00D48414 /* DetailView.swift in Sources */ = {isa = PBXBuildFile; fileRef = 2654D4B92372AC1A00D48414 /* DetailView.swift */; };
		265B34922373DA5800AE471E /* SamplesView.swift in Sources */ = {isa = PBXBuildFile; fileRef = 265B34912373DA5800AE471E /* SamplesView.swift */; };
		265B34952373DCCE00AE471E /* SamplesHostingController.swift in Sources */ = {isa = PBXBuildFile; fileRef = 265B34932373DCCE00AE471E /* SamplesHostingController.swift */; };
		265B34982373E3F000AE471E /* Prefs.swift in Sources */ = {isa = PBXBuildFile; fileRef = 265B34972373E3F000AE471E /* Prefs.swift */; };
		26627E3F2377C0DD00E271AA /* PickerSamplesView.swift in Sources */ = {isa = PBXBuildFile; fileRef = 26627E3E2377C0DD00E271AA /* PickerSamplesView.swift */; };
		26627E412377C41A00E271AA /* SwitchSamplesView.swift in Sources */ = {isa = PBXBuildFile; fileRef = 26627E402377C41A00E271AA /* SwitchSamplesView.swift */; };
		26627E432377C5D000E271AA /* FormSamplesView.swift in Sources */ = {isa = PBXBuildFile; fileRef = 26627E422377C5D000E271AA /* FormSamplesView.swift */; };
		267937852377D3B300DE45C7 /* EmbeddedColorWell.swift in Sources */ = {isa = PBXBuildFile; fileRef = 267937842377D3B300DE45C7 /* EmbeddedColorWell.swift */; };
		267937872377DA2300DE45C7 /* PrefsView.swift in Sources */ = {isa = PBXBuildFile; fileRef = 267937862377DA2300DE45C7 /* PrefsView.swift */; };
		267937892377DA5D00DE45C7 /* NSWindow+Utils.swift in Sources */ = {isa = PBXBuildFile; fileRef = 267937882377DA5D00DE45C7 /* NSWindow+Utils.swift */; };
		26A2BE65237B68640089C50B /* DialogsView.swift in Sources */ = {isa = PBXBuildFile; fileRef = 26A2BE64237B68640089C50B /* DialogsView.swift */; };
		26EC389C237389F700AE900B /* UserDefaultsPropertyWrapper.swift in Sources */ = {isa = PBXBuildFile; fileRef = 26EC389B237389F700AE900B /* UserDefaultsPropertyWrapper.swift */; };
/* End PBXBuildFile section */

/* Begin PBXFileReference section */
		2654D49D2372976800D48414 /* SwiftUI-Mac.app */ = {isa = PBXFileReference; explicitFileType = wrapper.application; includeInIndex = 0; path = "SwiftUI-Mac.app"; sourceTree = BUILT_PRODUCTS_DIR; };
		2654D4A02372976800D48414 /* AppDelegate.swift */ = {isa = PBXFileReference; lastKnownFileType = sourcecode.swift; path = AppDelegate.swift; sourceTree = "<group>"; };
		2654D4A22372976800D48414 /* ContentView.swift */ = {isa = PBXFileReference; lastKnownFileType = sourcecode.swift; path = ContentView.swift; sourceTree = "<group>"; };
		2654D4A42372976900D48414 /* Assets.xcassets */ = {isa = PBXFileReference; lastKnownFileType = folder.assetcatalog; path = Assets.xcassets; sourceTree = "<group>"; };
		2654D4A72372976900D48414 /* Preview Assets.xcassets */ = {isa = PBXFileReference; lastKnownFileType = folder.assetcatalog; path = "Preview Assets.xcassets"; sourceTree = "<group>"; };
		2654D4AA2372976900D48414 /* Base */ = {isa = PBXFileReference; lastKnownFileType = file.storyboard; name = Base; path = Base.lproj/Main.storyboard; sourceTree = "<group>"; };
		2654D4AC2372976900D48414 /* Info.plist */ = {isa = PBXFileReference; lastKnownFileType = text.plist.xml; path = Info.plist; sourceTree = "<group>"; };
		2654D4AD2372976900D48414 /* SwiftUI_Mac.entitlements */ = {isa = PBXFileReference; lastKnownFileType = text.plist.entitlements; path = SwiftUI_Mac.entitlements; sourceTree = "<group>"; };
		2654D4B32372A01B00D48414 /* httpcodes.json */ = {isa = PBXFileReference; lastKnownFileType = text.json; path = httpcodes.json; sourceTree = "<group>"; };
		2654D4B52372A5AB00D48414 /* Helper.swift */ = {isa = PBXFileReference; fileEncoding = 4; lastKnownFileType = sourcecode.swift; path = Helper.swift; sourceTree = "<group>"; };
		2654D4B72372A65B00D48414 /* HttpStatus.swift */ = {isa = PBXFileReference; lastKnownFileType = sourcecode.swift; path = HttpStatus.swift; sourceTree = "<group>"; };
		2654D4B92372AC1A00D48414 /* DetailView.swift */ = {isa = PBXFileReference; lastKnownFileType = sourcecode.swift; path = DetailView.swift; sourceTree = "<group>"; };
		265B34912373DA5800AE471E /* SamplesView.swift */ = {isa = PBXFileReference; lastKnownFileType = sourcecode.swift; path = SamplesView.swift; sourceTree = "<group>"; };
		265B34932373DCCE00AE471E /* SamplesHostingController.swift */ = {isa = PBXFileReference; lastKnownFileType = sourcecode.swift; path = SamplesHostingController.swift; sourceTree = "<group>"; };
		265B34972373E3F000AE471E /* Prefs.swift */ = {isa = PBXFileReference; lastKnownFileType = sourcecode.swift; path = Prefs.swift; sourceTree = "<group>"; };
		26627E3E2377C0DD00E271AA /* PickerSamplesView.swift */ = {isa = PBXFileReference; lastKnownFileType = sourcecode.swift; path = PickerSamplesView.swift; sourceTree = "<group>"; };
		26627E402377C41A00E271AA /* SwitchSamplesView.swift */ = {isa = PBXFileReference; lastKnownFileType = sourcecode.swift; path = SwitchSamplesView.swift; sourceTree = "<group>"; };
		26627E422377C5D000E271AA /* FormSamplesView.swift */ = {isa = PBXFileReference; lastKnownFileType = sourcecode.swift; path = FormSamplesView.swift; sourceTree = "<group>"; };
		267937842377D3B300DE45C7 /* EmbeddedColorWell.swift */ = {isa = PBXFileReference; lastKnownFileType = sourcecode.swift; path = EmbeddedColorWell.swift; sourceTree = "<group>"; };
		267937862377DA2300DE45C7 /* PrefsView.swift */ = {isa = PBXFileReference; lastKnownFileType = sourcecode.swift; path = PrefsView.swift; sourceTree = "<group>"; };
		267937882377DA5D00DE45C7 /* NSWindow+Utils.swift */ = {isa = PBXFileReference; fileEncoding = 4; lastKnownFileType = sourcecode.swift; path = "NSWindow+Utils.swift"; sourceTree = "<group>"; };
		26A2BE64237B68640089C50B /* DialogsView.swift */ = {isa = PBXFileReference; lastKnownFileType = sourcecode.swift; path = DialogsView.swift; sourceTree = "<group>"; };
		26EC389B237389F700AE900B /* UserDefaultsPropertyWrapper.swift */ = {isa = PBXFileReference; lastKnownFileType = sourcecode.swift; path = UserDefaultsPropertyWrapper.swift; sourceTree = "<group>"; };
/* End PBXFileReference section */

/* Begin PBXFrameworksBuildPhase section */
		2654D49A2372976800D48414 /* Frameworks */ = {
			isa = PBXFrameworksBuildPhase;
			buildActionMask = 2147483647;
			files = (
			);
			runOnlyForDeploymentPostprocessing = 0;
		};
/* End PBXFrameworksBuildPhase section */

/* Begin PBXGroup section */
		263AAEF4237BD28E001994C5 /* Dialogs */ = {
			isa = PBXGroup;
			children = (
				26A2BE64237B68640089C50B /* DialogsView.swift */,
			);
			path = Dialogs;
			sourceTree = "<group>";
		};
		2654D4942372976800D48414 = {
			isa = PBXGroup;
			children = (
				2654D49F2372976800D48414 /* SwiftUI-Mac */,
				2654D49E2372976800D48414 /* Products */,
			);
			sourceTree = "<group>";
		};
		2654D49E2372976800D48414 /* Products */ = {
			isa = PBXGroup;
			children = (
				2654D49D2372976800D48414 /* SwiftUI-Mac.app */,
			);
			name = Products;
			sourceTree = "<group>";
		};
		2654D49F2372976800D48414 /* SwiftUI-Mac */ = {
			isa = PBXGroup;
			children = (
				2654D4A02372976800D48414 /* AppDelegate.swift */,
				2679378C2377E5F900DE45C7 /* Master-Detail */,
				26627E3D2377C0CC00E271AA /* UI Samples */,
				2679378A2377E5E400DE45C7 /* Prefs */,
				263AAEF4237BD28E001994C5 /* Dialogs */,
				2679378B2377E5ED00DE45C7 /* Data */,
				2654D4A42372976900D48414 /* Assets.xcassets */,
				2654D4A92372976900D48414 /* Main.storyboard */,
				2654D4AC2372976900D48414 /* Info.plist */,
				2654D4AD2372976900D48414 /* SwiftUI_Mac.entitlements */,
				2654D4A62372976900D48414 /* Preview Content */,
			);
			path = "SwiftUI-Mac";
			sourceTree = "<group>";
		};
		2654D4A62372976900D48414 /* Preview Content */ = {
			isa = PBXGroup;
			children = (
				2654D4A72372976900D48414 /* Preview Assets.xcassets */,
			);
			path = "Preview Content";
			sourceTree = "<group>";
		};
		26627E3D2377C0CC00E271AA /* UI Samples */ = {
			isa = PBXGroup;
			children = (
				265B34932373DCCE00AE471E /* SamplesHostingController.swift */,
				265B34912373DA5800AE471E /* SamplesView.swift */,
				26627E3E2377C0DD00E271AA /* PickerSamplesView.swift */,
				26627E402377C41A00E271AA /* SwitchSamplesView.swift */,
				26627E422377C5D000E271AA /* FormSamplesView.swift */,
				267937842377D3B300DE45C7 /* EmbeddedColorWell.swift */,
			);
			path = "UI Samples";
			sourceTree = "<group>";
		};
		2679378A2377E5E400DE45C7 /* Prefs */ = {
			isa = PBXGroup;
			children = (
				267937862377DA2300DE45C7 /* PrefsView.swift */,
				265B34972373E3F000AE471E /* Prefs.swift */,
				26EC389B237389F700AE900B /* UserDefaultsPropertyWrapper.swift */,
				267937882377DA5D00DE45C7 /* NSWindow+Utils.swift */,
			);
			path = Prefs;
			sourceTree = "<group>";
		};
		2679378B2377E5ED00DE45C7 /* Data */ = {
			isa = PBXGroup;
			children = (
				2654D4B72372A65B00D48414 /* HttpStatus.swift */,
				2654D4B32372A01B00D48414 /* httpcodes.json */,
				2654D4B52372A5AB00D48414 /* Helper.swift */,
			);
			path = Data;
			sourceTree = "<group>";
		};
		2679378C2377E5F900DE45C7 /* Master-Detail */ = {
			isa = PBXGroup;
			children = (
				2654D4A22372976800D48414 /* ContentView.swift */,
				2654D4B92372AC1A00D48414 /* DetailView.swift */,
			);
			path = "Master-Detail";
			sourceTree = "<group>";
		};
/* End PBXGroup section */

/* Begin PBXNativeTarget section */
		2654D49C2372976800D48414 /* SwiftUI-Mac */ = {
			isa = PBXNativeTarget;
			buildConfigurationList = 2654D4B02372976900D48414 /* Build configuration list for PBXNativeTarget "SwiftUI-Mac" */;
			buildPhases = (
				2654D4992372976800D48414 /* Sources */,
				2654D49A2372976800D48414 /* Frameworks */,
				2654D49B2372976800D48414 /* Resources */,
			);
			buildRules = (
			);
			dependencies = (
			);
			name = "SwiftUI-Mac";
			productName = "SwiftUI-Mac";
			productReference = 2654D49D2372976800D48414 /* SwiftUI-Mac.app */;
			productType = "com.apple.product-type.application";
		};
/* End PBXNativeTarget section */

/* Begin PBXProject section */
		2654D4952372976800D48414 /* Project object */ = {
			isa = PBXProject;
			attributes = {
				LastSwiftUpdateCheck = 1120;
				LastUpgradeCheck = 1130;
				ORGANIZATIONNAME = "Sarah Reichelt";
				TargetAttributes = {
					2654D49C2372976800D48414 = {
						CreatedOnToolsVersion = 11.2;
					};
				};
			};
			buildConfigurationList = 2654D4982372976800D48414 /* Build configuration list for PBXProject "SwiftUI-Mac" */;
			compatibilityVersion = "Xcode 9.3";
			developmentRegion = en;
			hasScannedForEncodings = 0;
			knownRegions = (
				en,
				Base,
			);
			mainGroup = 2654D4942372976800D48414;
			productRefGroup = 2654D49E2372976800D48414 /* Products */;
			projectDirPath = "";
			projectRoot = "";
			targets = (
				2654D49C2372976800D48414 /* SwiftUI-Mac */,
			);
		};
/* End PBXProject section */

/* Begin PBXResourcesBuildPhase section */
		2654D49B2372976800D48414 /* Resources */ = {
			isa = PBXResourcesBuildPhase;
			buildActionMask = 2147483647;
			files = (
				2654D4B42372A01B00D48414 /* httpcodes.json in Resources */,
				2654D4AB2372976900D48414 /* Main.storyboard in Resources */,
				2654D4A82372976900D48414 /* Preview Assets.xcassets in Resources */,
				2654D4A52372976900D48414 /* Assets.xcassets in Resources */,
			);
			runOnlyForDeploymentPostprocessing = 0;
		};
/* End PBXResourcesBuildPhase section */

/* Begin PBXSourcesBuildPhase section */
		2654D4992372976800D48414 /* Sources */ = {
			isa = PBXSourcesBuildPhase;
			buildActionMask = 2147483647;
			files = (
				26627E432377C5D000E271AA /* FormSamplesView.swift in Sources */,
				265B34982373E3F000AE471E /* Prefs.swift in Sources */,
				2654D4A32372976800D48414 /* ContentView.swift in Sources */,
				267937872377DA2300DE45C7 /* PrefsView.swift in Sources */,
				2654D4A12372976800D48414 /* AppDelegate.swift in Sources */,
				2654D4B62372A5AB00D48414 /* Helper.swift in Sources */,
				26627E3F2377C0DD00E271AA /* PickerSamplesView.swift in Sources */,
				2654D4BA2372AC1A00D48414 /* DetailView.swift in Sources */,
				265B34922373DA5800AE471E /* SamplesView.swift in Sources */,
				2654D4B82372A65B00D48414 /* HttpStatus.swift in Sources */,
				26A2BE65237B68640089C50B /* DialogsView.swift in Sources */,
				26627E412377C41A00E271AA /* SwitchSamplesView.swift in Sources */,
				26EC389C237389F700AE900B /* UserDefaultsPropertyWrapper.swift in Sources */,
				267937852377D3B300DE45C7 /* EmbeddedColorWell.swift in Sources */,
				267937892377DA5D00DE45C7 /* NSWindow+Utils.swift in Sources */,
				265B34952373DCCE00AE471E /* SamplesHostingController.swift in Sources */,
			);
			runOnlyForDeploymentPostprocessing = 0;
		};
/* End PBXSourcesBuildPhase section */

/* Begin PBXVariantGroup section */
		2654D4A92372976900D48414 /* Main.storyboard */ = {
			isa = PBXVariantGroup;
			children = (
				2654D4AA2372976900D48414 /* Base */,
			);
			name = Main.storyboard;
			sourceTree = "<group>";
		};
/* End PBXVariantGroup section */

/* Begin XCBuildConfiguration section */
		2654D4AE2372976900D48414 /* Debug */ = {
			isa = XCBuildConfiguration;
			buildSettings = {
				ALWAYS_SEARCH_USER_PATHS = NO;
				CLANG_ANALYZER_NONNULL = YES;
				CLANG_ANALYZER_NUMBER_OBJECT_CONVERSION = YES_AGGRESSIVE;
				CLANG_CXX_LANGUAGE_STANDARD = "gnu++14";
				CLANG_CXX_LIBRARY = "libc++";
				CLANG_ENABLE_MODULES = YES;
				CLANG_ENABLE_OBJC_ARC = YES;
				CLANG_ENABLE_OBJC_WEAK = YES;
				CLANG_WARN_BLOCK_CAPTURE_AUTORELEASING = YES;
				CLANG_WARN_BOOL_CONVERSION = YES;
				CLANG_WARN_COMMA = YES;
				CLANG_WARN_CONSTANT_CONVERSION = YES;
				CLANG_WARN_DEPRECATED_OBJC_IMPLEMENTATIONS = YES;
				CLANG_WARN_DIRECT_OBJC_ISA_USAGE = YES_ERROR;
				CLANG_WARN_DOCUMENTATION_COMMENTS = YES;
				CLANG_WARN_EMPTY_BODY = YES;
				CLANG_WARN_ENUM_CONVERSION = YES;
				CLANG_WARN_INFINITE_RECURSION = YES;
				CLANG_WARN_INT_CONVERSION = YES;
				CLANG_WARN_NON_LITERAL_NULL_CONVERSION = YES;
				CLANG_WARN_OBJC_IMPLICIT_RETAIN_SELF = YES;
				CLANG_WARN_OBJC_LITERAL_CONVERSION = YES;
				CLANG_WARN_OBJC_ROOT_CLASS = YES_ERROR;
				CLANG_WARN_RANGE_LOOP_ANALYSIS = YES;
				CLANG_WARN_STRICT_PROTOTYPES = YES;
				CLANG_WARN_SUSPICIOUS_MOVE = YES;
				CLANG_WARN_UNGUARDED_AVAILABILITY = YES_AGGRESSIVE;
				CLANG_WARN_UNREACHABLE_CODE = YES;
				CLANG_WARN__DUPLICATE_METHOD_MATCH = YES;
				COPY_PHASE_STRIP = NO;
				DEBUG_INFORMATION_FORMAT = dwarf;
				ENABLE_STRICT_OBJC_MSGSEND = YES;
				ENABLE_TESTABILITY = YES;
				GCC_C_LANGUAGE_STANDARD = gnu11;
				GCC_DYNAMIC_NO_PIC = NO;
				GCC_NO_COMMON_BLOCKS = YES;
				GCC_OPTIMIZATION_LEVEL = 0;
				GCC_PREPROCESSOR_DEFINITIONS = (
					"DEBUG=1",
					"$(inherited)",
				);
				GCC_WARN_64_TO_32_BIT_CONVERSION = YES;
				GCC_WARN_ABOUT_RETURN_TYPE = YES_ERROR;
				GCC_WARN_UNDECLARED_SELECTOR = YES;
				GCC_WARN_UNINITIALIZED_AUTOS = YES_AGGRESSIVE;
				GCC_WARN_UNUSED_FUNCTION = YES;
				GCC_WARN_UNUSED_VARIABLE = YES;
				MACOSX_DEPLOYMENT_TARGET = 10.15;
				MTL_ENABLE_DEBUG_INFO = INCLUDE_SOURCE;
				MTL_FAST_MATH = YES;
				ONLY_ACTIVE_ARCH = YES;
				SDKROOT = macosx;
				SWIFT_ACTIVE_COMPILATION_CONDITIONS = DEBUG;
				SWIFT_OPTIMIZATION_LEVEL = "-Onone";
			};
			name = Debug;
		};
		2654D4AF2372976900D48414 /* Release */ = {
			isa = XCBuildConfiguration;
			buildSettings = {
				ALWAYS_SEARCH_USER_PATHS = NO;
				CLANG_ANALYZER_NONNULL = YES;
				CLANG_ANALYZER_NUMBER_OBJECT_CONVERSION = YES_AGGRESSIVE;
				CLANG_CXX_LANGUAGE_STANDARD = "gnu++14";
				CLANG_CXX_LIBRARY = "libc++";
				CLANG_ENABLE_MODULES = YES;
				CLANG_ENABLE_OBJC_ARC = YES;
				CLANG_ENABLE_OBJC_WEAK = YES;
				CLANG_WARN_BLOCK_CAPTURE_AUTORELEASING = YES;
				CLANG_WARN_BOOL_CONVERSION = YES;
				CLANG_WARN_COMMA = YES;
				CLANG_WARN_CONSTANT_CONVERSION = YES;
				CLANG_WARN_DEPRECATED_OBJC_IMPLEMENTATIONS = YES;
				CLANG_WARN_DIRECT_OBJC_ISA_USAGE = YES_ERROR;
				CLANG_WARN_DOCUMENTATION_COMMENTS = YES;
				CLANG_WARN_EMPTY_BODY = YES;
				CLANG_WARN_ENUM_CONVERSION = YES;
				CLANG_WARN_INFINITE_RECURSION = YES;
				CLANG_WARN_INT_CONVERSION = YES;
				CLANG_WARN_NON_LITERAL_NULL_CONVERSION = YES;
				CLANG_WARN_OBJC_IMPLICIT_RETAIN_SELF = YES;
				CLANG_WARN_OBJC_LITERAL_CONVERSION = YES;
				CLANG_WARN_OBJC_ROOT_CLASS = YES_ERROR;
				CLANG_WARN_RANGE_LOOP_ANALYSIS = YES;
				CLANG_WARN_STRICT_PROTOTYPES = YES;
				CLANG_WARN_SUSPICIOUS_MOVE = YES;
				CLANG_WARN_UNGUARDED_AVAILABILITY = YES_AGGRESSIVE;
				CLANG_WARN_UNREACHABLE_CODE = YES;
				CLANG_WARN__DUPLICATE_METHOD_MATCH = YES;
				COPY_PHASE_STRIP = NO;
				DEBUG_INFORMATION_FORMAT = "dwarf-with-dsym";
				ENABLE_NS_ASSERTIONS = NO;
				ENABLE_STRICT_OBJC_MSGSEND = YES;
				GCC_C_LANGUAGE_STANDARD = gnu11;
				GCC_NO_COMMON_BLOCKS = YES;
				GCC_WARN_64_TO_32_BIT_CONVERSION = YES;
				GCC_WARN_ABOUT_RETURN_TYPE = YES_ERROR;
				GCC_WARN_UNDECLARED_SELECTOR = YES;
				GCC_WARN_UNINITIALIZED_AUTOS = YES_AGGRESSIVE;
				GCC_WARN_UNUSED_FUNCTION = YES;
				GCC_WARN_UNUSED_VARIABLE = YES;
				MACOSX_DEPLOYMENT_TARGET = 10.15;
				MTL_ENABLE_DEBUG_INFO = NO;
				MTL_FAST_MATH = YES;
				SDKROOT = macosx;
				SWIFT_COMPILATION_MODE = wholemodule;
				SWIFT_OPTIMIZATION_LEVEL = "-O";
			};
			name = Release;
		};
		2654D4B12372976900D48414 /* Debug */ = {
			isa = XCBuildConfiguration;
			buildSettings = {
				ASSETCATALOG_COMPILER_APPICON_NAME = AppIcon;
				CODE_SIGN_ENTITLEMENTS = "SwiftUI-Mac/SwiftUI_Mac.entitlements";
				CODE_SIGN_IDENTITY = "Apple Development";
				CODE_SIGN_STYLE = Automatic;
				COMBINE_HIDPI_IMAGES = YES;
				DEVELOPMENT_ASSET_PATHS = "\"SwiftUI-Mac/Preview Content\"";
				DEVELOPMENT_TEAM = TC28MCLCFA;
				ENABLE_HARDENED_RUNTIME = YES;
				ENABLE_PREVIEWS = YES;
				INFOPLIST_FILE = "SwiftUI-Mac/Info.plist";
				LD_RUNPATH_SEARCH_PATHS = (
					"$(inherited)",
					"@executable_path/../Frameworks",
				);
				MACOSX_DEPLOYMENT_TARGET = 10.15;
				PRODUCT_BUNDLE_IDENTIFIER = "net.troz.SwiftUI-Mac";
				PRODUCT_NAME = "$(TARGET_NAME)";
				SWIFT_VERSION = 5.0;
			};
			name = Debug;
		};
		2654D4B22372976900D48414 /* Release */ = {
			isa = XCBuildConfiguration;
			buildSettings = {
				ASSETCATALOG_COMPILER_APPICON_NAME = AppIcon;
				CODE_SIGN_ENTITLEMENTS = "SwiftUI-Mac/SwiftUI_Mac.entitlements";
				CODE_SIGN_IDENTITY = "Apple Development";
				CODE_SIGN_STYLE = Automatic;
				COMBINE_HIDPI_IMAGES = YES;
				DEVELOPMENT_ASSET_PATHS = "\"SwiftUI-Mac/Preview Content\"";
				DEVELOPMENT_TEAM = TC28MCLCFA;
				ENABLE_HARDENED_RUNTIME = YES;
				ENABLE_PREVIEWS = YES;
				INFOPLIST_FILE = "SwiftUI-Mac/Info.plist";
				LD_RUNPATH_SEARCH_PATHS = (
					"$(inherited)",
					"@executable_path/../Frameworks",
				);
				MACOSX_DEPLOYMENT_TARGET = 10.15;
				PRODUCT_BUNDLE_IDENTIFIER = "net.troz.SwiftUI-Mac";
				PRODUCT_NAME = "$(TARGET_NAME)";
				SWIFT_VERSION = 5.0;
			};
			name = Release;
		};
/* End XCBuildConfiguration section */

/* Begin XCConfigurationList section */
		2654D4982372976800D48414 /* Build configuration list for PBXProject "SwiftUI-Mac" */ = {
			isa = XCConfigurationList;
			buildConfigurations = (
				2654D4AE2372976900D48414 /* Debug */,
				2654D4AF2372976900D48414 /* Release */,
			);
			defaultConfigurationIsVisible = 0;
			defaultConfigurationName = Release;
		};
		2654D4B02372976900D48414 /* Build configuration list for PBXNativeTarget "SwiftUI-Mac" */ = {
			isa = XCConfigurationList;
			buildConfigurations = (
				2654D4B12372976900D48414 /* Debug */,
				2654D4B22372976900D48414 /* Release */,
			);
			defaultConfigurationIsVisible = 0;
			defaultConfigurationName = Release;
		};
/* End XCConfigurationList section */
	};
	rootObject = 2654D4952372976800D48414 /* Project object */;
}
